// !$*UTF8*$!
{
	archiveVersion = 1;
	classes = {
	};
	objectVersion = 51;
	objects = {

/* Begin PBXBuildFile section */
		0406347C24A059E800536EB9 /* VideoCell.swift in Sources */ = {isa = PBXBuildFile; fileRef = 0406347B24A059E800536EB9 /* VideoCell.swift */; };
		0406347E24A0B34D00536EB9 /* helper.swift in Sources */ = {isa = PBXBuildFile; fileRef = 0406347D24A0B34D00536EB9 /* helper.swift */; };
		04140E7124A3517B00563D07 /* Comment.swift in Sources */ = {isa = PBXBuildFile; fileRef = 04140E7024A3517B00563D07 /* Comment.swift */; };
		04140E7324A3598A00563D07 /* CommnetController.swift in Sources */ = {isa = PBXBuildFile; fileRef = 04140E7224A3598A00563D07 /* CommnetController.swift */; };
		0432459624A2F39C0037B218 /* ScaleAnimateButton.swift in Sources */ = {isa = PBXBuildFile; fileRef = 0432459524A2F39C0037B218 /* ScaleAnimateButton.swift */; };
		85DEF5B2A2C3981E880233FD /* Pods_TikTok.framework in Frameworks */ = {isa = PBXBuildFile; fileRef = 86677E0CA40055E968736AFA /* Pods_TikTok.framework */; };
		8849FEAF249DB82B008CD245 /* Feed.swift in Sources */ = {isa = PBXBuildFile; fileRef = 8849FEAE249DB82B008CD245 /* Feed.swift */; };
		8849FEB4249DC298008CD245 /* TikTokNetWork.swift in Sources */ = {isa = PBXBuildFile; fileRef = 8849FEB3249DC298008CD245 /* TikTokNetWork.swift */; };
		887A47F72494EC8E00175D25 /* AppDelegate.swift in Sources */ = {isa = PBXBuildFile; fileRef = 887A47F62494EC8E00175D25 /* AppDelegate.swift */; };
		887A47F92494EC8E00175D25 /* SceneDelegate.swift in Sources */ = {isa = PBXBuildFile; fileRef = 887A47F82494EC8E00175D25 /* SceneDelegate.swift */; };
		887A47FB2494EC8E00175D25 /* ViewController.swift in Sources */ = {isa = PBXBuildFile; fileRef = 887A47FA2494EC8E00175D25 /* ViewController.swift */; };
		887A47FE2494EC8E00175D25 /* Main.storyboard in Resources */ = {isa = PBXBuildFile; fileRef = 887A47FC2494EC8E00175D25 /* Main.storyboard */; };
		887A48002494EC8F00175D25 /* Assets.xcassets in Resources */ = {isa = PBXBuildFile; fileRef = 887A47FF2494EC8F00175D25 /* Assets.xcassets */; };
		887A48032494EC8F00175D25 /* LaunchScreen.storyboard in Resources */ = {isa = PBXBuildFile; fileRef = 887A48012494EC8F00175D25 /* LaunchScreen.storyboard */; };
/* End PBXBuildFile section */

/* Begin PBXFileReference section */
		0406347B24A059E800536EB9 /* VideoCell.swift */ = {isa = PBXFileReference; lastKnownFileType = sourcecode.swift; path = VideoCell.swift; sourceTree = "<group>"; };
		0406347D24A0B34D00536EB9 /* helper.swift */ = {isa = PBXFileReference; lastKnownFileType = sourcecode.swift; path = helper.swift; sourceTree = "<group>"; };
		04140E7024A3517B00563D07 /* Comment.swift */ = {isa = PBXFileReference; lastKnownFileType = sourcecode.swift; path = Comment.swift; sourceTree = "<group>"; };
		04140E7224A3598A00563D07 /* CommnetController.swift */ = {isa = PBXFileReference; lastKnownFileType = sourcecode.swift; path = CommnetController.swift; sourceTree = "<group>"; };
		0432459524A2F39C0037B218 /* ScaleAnimateButton.swift */ = {isa = PBXFileReference; lastKnownFileType = sourcecode.swift; path = ScaleAnimateButton.swift; sourceTree = "<group>"; };
		864E6F1A5E7788894570F119 /* Pods-TikTok.debug.xcconfig */ = {isa = PBXFileReference; includeInIndex = 1; lastKnownFileType = text.xcconfig; name = "Pods-TikTok.debug.xcconfig"; path = "Target Support Files/Pods-TikTok/Pods-TikTok.debug.xcconfig"; sourceTree = "<group>"; };
		86677E0CA40055E968736AFA /* Pods_TikTok.framework */ = {isa = PBXFileReference; explicitFileType = wrapper.framework; includeInIndex = 0; path = Pods_TikTok.framework; sourceTree = BUILT_PRODUCTS_DIR; };
		8849FEAE249DB82B008CD245 /* Feed.swift */ = {isa = PBXFileReference; lastKnownFileType = sourcecode.swift; path = Feed.swift; sourceTree = "<group>"; };
		8849FEB3249DC298008CD245 /* TikTokNetWork.swift */ = {isa = PBXFileReference; lastKnownFileType = sourcecode.swift; path = TikTokNetWork.swift; sourceTree = "<group>"; };
		887A47F32494EC8E00175D25 /* TikTok.app */ = {isa = PBXFileReference; explicitFileType = wrapper.application; includeInIndex = 0; path = TikTok.app; sourceTree = BUILT_PRODUCTS_DIR; };
		887A47F62494EC8E00175D25 /* AppDelegate.swift */ = {isa = PBXFileReference; lastKnownFileType = sourcecode.swift; path = AppDelegate.swift; sourceTree = "<group>"; };
		887A47F82494EC8E00175D25 /* SceneDelegate.swift */ = {isa = PBXFileReference; lastKnownFileType = sourcecode.swift; path = SceneDelegate.swift; sourceTree = "<group>"; };
		887A47FA2494EC8E00175D25 /* ViewController.swift */ = {isa = PBXFileReference; lastKnownFileType = sourcecode.swift; path = ViewController.swift; sourceTree = "<group>"; };
		887A47FD2494EC8E00175D25 /* Base */ = {isa = PBXFileReference; lastKnownFileType = file.storyboard; name = Base; path = Base.lproj/Main.storyboard; sourceTree = "<group>"; };
		887A47FF2494EC8F00175D25 /* Assets.xcassets */ = {isa = PBXFileReference; lastKnownFileType = folder.assetcatalog; path = Assets.xcassets; sourceTree = "<group>"; };
		887A48022494EC8F00175D25 /* Base */ = {isa = PBXFileReference; lastKnownFileType = file.storyboard; name = Base; path = Base.lproj/LaunchScreen.storyboard; sourceTree = "<group>"; };
		887A48042494EC8F00175D25 /* Info.plist */ = {isa = PBXFileReference; lastKnownFileType = text.plist.xml; path = Info.plist; sourceTree = "<group>"; };
		C69B2B39F93150B6AE90B0C6 /* Pods-TikTok.release.xcconfig */ = {isa = PBXFileReference; includeInIndex = 1; lastKnownFileType = text.xcconfig; name = "Pods-TikTok.release.xcconfig"; path = "Target Support Files/Pods-TikTok/Pods-TikTok.release.xcconfig"; sourceTree = "<group>"; };
/* End PBXFileReference section */

/* Begin PBXFrameworksBuildPhase section */
		887A47F02494EC8E00175D25 /* Frameworks */ = {
			isa = PBXFrameworksBuildPhase;
			buildActionMask = 2147483647;
			files = (
				85DEF5B2A2C3981E880233FD /* Pods_TikTok.framework in Frameworks */,
			);
			runOnlyForDeploymentPostprocessing = 0;
		};
/* End PBXFrameworksBuildPhase section */

/* Begin PBXGroup section */
		0432459424A2F3740037B218 /* Library */ = {
			isa = PBXGroup;
			children = (
				0432459524A2F39C0037B218 /* ScaleAnimateButton.swift */,
			);
			path = Library;
			sourceTree = "<group>";
		};
		8849FEB0249DB845008CD245 /* Model */ = {
			isa = PBXGroup;
			children = (
				8849FEAE249DB82B008CD245 /* Feed.swift */,
				04140E7024A3517B00563D07 /* Comment.swift */,
			);
			path = Model;
			sourceTree = "<group>";
		};
		8849FEB1249DB857008CD245 /* Controller */ = {
			isa = PBXGroup;
			children = (
				887A47FA2494EC8E00175D25 /* ViewController.swift */,
				0406347B24A059E800536EB9 /* VideoCell.swift */,
				04140E7224A3598A00563D07 /* CommnetController.swift */,
			);
			path = Controller;
			sourceTree = "<group>";
		};
		8849FEB2249DB878008CD245 /* View */ = {
			isa = PBXGroup;
			children = (
				887A48012494EC8F00175D25 /* LaunchScreen.storyboard */,
				887A47FC2494EC8E00175D25 /* Main.storyboard */,
			);
			path = View;
			sourceTree = "<group>";
		};
		887A47EA2494EC8E00175D25 = {
			isa = PBXGroup;
			children = (
				887A47F52494EC8E00175D25 /* TikTok */,
				887A47F42494EC8E00175D25 /* Products */,
				CFFA8B8E50ED2D155F0A89B0 /* Pods */,
				D4922EABCF815C9F14E6DE2C /* Frameworks */,
			);
			sourceTree = "<group>";
		};
		887A47F42494EC8E00175D25 /* Products */ = {
			isa = PBXGroup;
			children = (
				887A47F32494EC8E00175D25 /* TikTok.app */,
			);
			name = Products;
			sourceTree = "<group>";
		};
		887A47F52494EC8E00175D25 /* TikTok */ = {
			isa = PBXGroup;
			children = (
				0432459424A2F3740037B218 /* Library */,
				8849FEB0249DB845008CD245 /* Model */,
				8849FEB2249DB878008CD245 /* View */,
				8849FEB1249DB857008CD245 /* Controller */,
				887A47F62494EC8E00175D25 /* AppDelegate.swift */,
				887A47F82494EC8E00175D25 /* SceneDelegate.swift */,
				887A47FF2494EC8F00175D25 /* Assets.xcassets */,
				887A48042494EC8F00175D25 /* Info.plist */,
				8849FEB3249DC298008CD245 /* TikTokNetWork.swift */,
				0406347D24A0B34D00536EB9 /* helper.swift */,
			);
			path = TikTok;
			sourceTree = "<group>";
		};
		CFFA8B8E50ED2D155F0A89B0 /* Pods */ = {
			isa = PBXGroup;
			children = (
				864E6F1A5E7788894570F119 /* Pods-TikTok.debug.xcconfig */,
				C69B2B39F93150B6AE90B0C6 /* Pods-TikTok.release.xcconfig */,
			);
			path = Pods;
			sourceTree = "<group>";
		};
		D4922EABCF815C9F14E6DE2C /* Frameworks */ = {
			isa = PBXGroup;
			children = (
				86677E0CA40055E968736AFA /* Pods_TikTok.framework */,
			);
			name = Frameworks;
			sourceTree = "<group>";
		};
/* End PBXGroup section */

/* Begin PBXNativeTarget section */
		887A47F22494EC8E00175D25 /* TikTok */ = {
			isa = PBXNativeTarget;
			buildConfigurationList = 887A48072494EC8F00175D25 /* Build configuration list for PBXNativeTarget "TikTok" */;
			buildPhases = (
				684518A1380E400C5B2EBE75 /* [CP] Check Pods Manifest.lock */,
				887A47EF2494EC8E00175D25 /* Sources */,
				887A47F02494EC8E00175D25 /* Frameworks */,
				887A47F12494EC8E00175D25 /* Resources */,
				C8302D128ED1744446DD3A74 /* [CP] Embed Pods Frameworks */,
			);
			buildRules = (
			);
			dependencies = (
			);
			name = TikTok;
			productName = TikTok;
			productReference = 887A47F32494EC8E00175D25 /* TikTok.app */;
			productType = "com.apple.product-type.application";
		};
/* End PBXNativeTarget section */

/* Begin PBXProject section */
		887A47EB2494EC8E00175D25 /* Project object */ = {
			isa = PBXProject;
			attributes = {
				LastSwiftUpdateCheck = 1150;
				LastUpgradeCheck = 1150;
				ORGANIZATIONNAME = Kxy;
				TargetAttributes = {
					887A47F22494EC8E00175D25 = {
						CreatedOnToolsVersion = 11.5;
					};
				};
			};
			buildConfigurationList = 887A47EE2494EC8E00175D25 /* Build configuration list for PBXProject "TikTok" */;
			compatibilityVersion = "Xcode 9.3";
			developmentRegion = en;
			hasScannedForEncodings = 0;
			knownRegions = (
				en,
				Base,
			);
			mainGroup = 887A47EA2494EC8E00175D25;
			productRefGroup = 887A47F42494EC8E00175D25 /* Products */;
			projectDirPath = "";
			projectRoot = "";
			targets = (
				887A47F22494EC8E00175D25 /* TikTok */,
			);
		};
/* End PBXProject section */

/* Begin PBXResourcesBuildPhase section */
		887A47F12494EC8E00175D25 /* Resources */ = {
			isa = PBXResourcesBuildPhase;
			buildActionMask = 2147483647;
			files = (
				887A48032494EC8F00175D25 /* LaunchScreen.storyboard in Resources */,
				887A48002494EC8F00175D25 /* Assets.xcassets in Resources */,
				887A47FE2494EC8E00175D25 /* Main.storyboard in Resources */,
			);
			runOnlyForDeploymentPostprocessing = 0;
		};
/* End PBXResourcesBuildPhase section */

/* Begin PBXShellScriptBuildPhase section */
		684518A1380E400C5B2EBE75 /* [CP] Check Pods Manifest.lock */ = {
			isa = PBXShellScriptBuildPhase;
			buildActionMask = 2147483647;
			files = (
			);
			inputFileListPaths = (
			);
			inputPaths = (
				"${PODS_PODFILE_DIR_PATH}/Podfile.lock",
				"${PODS_ROOT}/Manifest.lock",
			);
			name = "[CP] Check Pods Manifest.lock";
			outputFileListPaths = (
			);
			outputPaths = (
				"$(DERIVED_FILE_DIR)/Pods-TikTok-checkManifestLockResult.txt",
			);
			runOnlyForDeploymentPostprocessing = 0;
			shellPath = /bin/sh;
			shellScript = "diff \"${PODS_PODFILE_DIR_PATH}/Podfile.lock\" \"${PODS_ROOT}/Manifest.lock\" > /dev/null\nif [ $? != 0 ] ; then\n    # print error to STDERR\n    echo \"error: The sandbox is not in sync with the Podfile.lock. Run 'pod install' or update your CocoaPods installation.\" >&2\n    exit 1\nfi\n# This output is used by Xcode 'outputs' to avoid re-running this script phase.\necho \"SUCCESS\" > \"${SCRIPT_OUTPUT_FILE_0}\"\n";
			showEnvVarsInLog = 0;
		};
		C8302D128ED1744446DD3A74 /* [CP] Embed Pods Frameworks */ = {
			isa = PBXShellScriptBuildPhase;
			buildActionMask = 2147483647;
			files = (
			);
			inputFileListPaths = (
				"${PODS_ROOT}/Target Support Files/Pods-TikTok/Pods-TikTok-frameworks-${CONFIGURATION}-input-files.xcfilelist",
			);
			name = "[CP] Embed Pods Frameworks";
			outputFileListPaths = (
				"${PODS_ROOT}/Target Support Files/Pods-TikTok/Pods-TikTok-frameworks-${CONFIGURATION}-output-files.xcfilelist",
			);
			runOnlyForDeploymentPostprocessing = 0;
			shellPath = /bin/sh;
			shellScript = "\"${PODS_ROOT}/Target Support Files/Pods-TikTok/Pods-TikTok-frameworks.sh\"\n";
			showEnvVarsInLog = 0;
		};
/* End PBXShellScriptBuildPhase section */

/* Begin PBXSourcesBuildPhase section */
		887A47EF2494EC8E00175D25 /* Sources */ = {
			isa = PBXSourcesBuildPhase;
			buildActionMask = 2147483647;
			files = (
				887A47FB2494EC8E00175D25 /* ViewController.swift in Sources */,
				8849FEAF249DB82B008CD245 /* Feed.swift in Sources */,
				0406347E24A0B34D00536EB9 /* helper.swift in Sources */,
				887A47F72494EC8E00175D25 /* AppDelegate.swift in Sources */,
				887A47F92494EC8E00175D25 /* SceneDelegate.swift in Sources */,
				04140E7324A3598A00563D07 /* CommnetController.swift in Sources */,
				8849FEB4249DC298008CD245 /* TikTokNetWork.swift in Sources */,
				0432459624A2F39C0037B218 /* ScaleAnimateButton.swift in Sources */,
				04140E7124A3517B00563D07 /* Comment.swift in Sources */,
				0406347C24A059E800536EB9 /* VideoCell.swift in Sources */,
			);
			runOnlyForDeploymentPostprocessing = 0;
		};
/* End PBXSourcesBuildPhase section */

/* Begin PBXVariantGroup section */
		887A47FC2494EC8E00175D25 /* Main.storyboard */ = {
			isa = PBXVariantGroup;
			children = (
				887A47FD2494EC8E00175D25 /* Base */,
			);
			name = Main.storyboard;
			sourceTree = "<group>";
		};
		887A48012494EC8F00175D25 /* LaunchScreen.storyboard */ = {
			isa = PBXVariantGroup;
			children = (
				887A48022494EC8F00175D25 /* Base */,
			);
			name = LaunchScreen.storyboard;
			sourceTree = "<group>";
		};
/* End PBXVariantGroup section */

/* Begin XCBuildConfiguration section */
		887A48052494EC8F00175D25 /* Debug */ = {
			isa = XCBuildConfiguration;
			buildSettings = {
				ALWAYS_SEARCH_USER_PATHS = NO;
				CLANG_ANALYZER_NONNULL = YES;
				CLANG_ANALYZER_NUMBER_OBJECT_CONVERSION = YES_AGGRESSIVE;
				CLANG_CXX_LANGUAGE_STANDARD = "gnu++14";
				CLANG_CXX_LIBRARY = "libc++";
				CLANG_ENABLE_MODULES = YES;
				CLANG_ENABLE_OBJC_ARC = YES;
				CLANG_ENABLE_OBJC_WEAK = YES;
				CLANG_WARN_BLOCK_CAPTURE_AUTORELEASING = YES;
				CLANG_WARN_BOOL_CONVERSION = YES;
				CLANG_WARN_COMMA = YES;
				CLANG_WARN_CONSTANT_CONVERSION = YES;
				CLANG_WARN_DEPRECATED_OBJC_IMPLEMENTATIONS = YES;
				CLANG_WARN_DIRECT_OBJC_ISA_USAGE = YES_ERROR;
				CLANG_WARN_DOCUMENTATION_COMMENTS = YES;
				CLANG_WARN_EMPTY_BODY = YES;
				CLANG_WARN_ENUM_CONVERSION = YES;
				CLANG_WARN_INFINITE_RECURSION = YES;
				CLANG_WARN_INT_CONVERSION = YES;
				CLANG_WARN_NON_LITERAL_NULL_CONVERSION = YES;
				CLANG_WARN_OBJC_IMPLICIT_RETAIN_SELF = YES;
				CLANG_WARN_OBJC_LITERAL_CONVERSION = YES;
				CLANG_WARN_OBJC_ROOT_CLASS = YES_ERROR;
				CLANG_WARN_RANGE_LOOP_ANALYSIS = YES;
				CLANG_WARN_STRICT_PROTOTYPES = YES;
				CLANG_WARN_SUSPICIOUS_MOVE = YES;
				CLANG_WARN_UNGUARDED_AVAILABILITY = YES_AGGRESSIVE;
				CLANG_WARN_UNREACHABLE_CODE = YES;
				CLANG_WARN__DUPLICATE_METHOD_MATCH = YES;
				COPY_PHASE_STRIP = NO;
				DEBUG_INFORMATION_FORMAT = dwarf;
				ENABLE_STRICT_OBJC_MSGSEND = YES;
				ENABLE_TESTABILITY = YES;
				GCC_C_LANGUAGE_STANDARD = gnu11;
				GCC_DYNAMIC_NO_PIC = NO;
				GCC_NO_COMMON_BLOCKS = YES;
				GCC_OPTIMIZATION_LEVEL = 0;
				GCC_PREPROCESSOR_DEFINITIONS = (
					"DEBUG=1",
					"$(inherited)",
				);
				GCC_WARN_64_TO_32_BIT_CONVERSION = YES;
				GCC_WARN_ABOUT_RETURN_TYPE = YES_ERROR;
				GCC_WARN_UNDECLARED_SELECTOR = YES;
				GCC_WARN_UNINITIALIZED_AUTOS = YES_AGGRESSIVE;
				GCC_WARN_UNUSED_FUNCTION = YES;
				GCC_WARN_UNUSED_VARIABLE = YES;
				IPHONEOS_DEPLOYMENT_TARGET = 13.5;
				MTL_ENABLE_DEBUG_INFO = INCLUDE_SOURCE;
				MTL_FAST_MATH = YES;
				ONLY_ACTIVE_ARCH = YES;
				SDKROOT = iphoneos;
				SWIFT_ACTIVE_COMPILATION_CONDITIONS = DEBUG;
				SWIFT_OPTIMIZATION_LEVEL = "-Onone";
			};
			name = Debug;
		};
		887A48062494EC8F00175D25 /* Release */ = {
			isa = XCBuildConfiguration;
			buildSettings = {
				ALWAYS_SEARCH_USER_PATHS = NO;
				CLANG_ANALYZER_NONNULL = YES;
				CLANG_ANALYZER_NUMBER_OBJECT_CONVERSION = YES_AGGRESSIVE;
				CLANG_CXX_LANGUAGE_STANDARD = "gnu++14";
				CLANG_CXX_LIBRARY = "libc++";
				CLANG_ENABLE_MODULES = YES;
				CLANG_ENABLE_OBJC_ARC = YES;
				CLANG_ENABLE_OBJC_WEAK = YES;
				CLANG_WARN_BLOCK_CAPTURE_AUTORELEASING = YES;
				CLANG_WARN_BOOL_CONVERSION = YES;
				CLANG_WARN_COMMA = YES;
				CLANG_WARN_CONSTANT_CONVERSION = YES;
				CLANG_WARN_DEPRECATED_OBJC_IMPLEMENTATIONS = YES;
				CLANG_WARN_DIRECT_OBJC_ISA_USAGE = YES_ERROR;
				CLANG_WARN_DOCUMENTATION_COMMENTS = YES;
				CLANG_WARN_EMPTY_BODY = YES;
				CLANG_WARN_ENUM_CONVERSION = YES;
				CLANG_WARN_INFINITE_RECURSION = YES;
				CLANG_WARN_INT_CONVERSION = YES;
				CLANG_WARN_NON_LITERAL_NULL_CONVERSION = YES;
				CLANG_WARN_OBJC_IMPLICIT_RETAIN_SELF = YES;
				CLANG_WARN_OBJC_LITERAL_CONVERSION = YES;
				CLANG_WARN_OBJC_ROOT_CLASS = YES_ERROR;
				CLANG_WARN_RANGE_LOOP_ANALYSIS = YES;
				CLANG_WARN_STRICT_PROTOTYPES = YES;
				CLANG_WARN_SUSPICIOUS_MOVE = YES;
				CLANG_WARN_UNGUARDED_AVAILABILITY = YES_AGGRESSIVE;
				CLANG_WARN_UNREACHABLE_CODE = YES;
				CLANG_WARN__DUPLICATE_METHOD_MATCH = YES;
				COPY_PHASE_STRIP = NO;
				DEBUG_INFORMATION_FORMAT = "dwarf-with-dsym";
				ENABLE_NS_ASSERTIONS = NO;
				ENABLE_STRICT_OBJC_MSGSEND = YES;
				GCC_C_LANGUAGE_STANDARD = gnu11;
				GCC_NO_COMMON_BLOCKS = YES;
				GCC_WARN_64_TO_32_BIT_CONVERSION = YES;
				GCC_WARN_ABOUT_RETURN_TYPE = YES_ERROR;
				GCC_WARN_UNDECLARED_SELECTOR = YES;
				GCC_WARN_UNINITIALIZED_AUTOS = YES_AGGRESSIVE;
				GCC_WARN_UNUSED_FUNCTION = YES;
				GCC_WARN_UNUSED_VARIABLE = YES;
				IPHONEOS_DEPLOYMENT_TARGET = 13.5;
				MTL_ENABLE_DEBUG_INFO = NO;
				MTL_FAST_MATH = YES;
				SDKROOT = iphoneos;
				SWIFT_COMPILATION_MODE = wholemodule;
				SWIFT_OPTIMIZATION_LEVEL = "-O";
				VALIDATE_PRODUCT = YES;
			};
			name = Release;
		};
		887A48082494EC8F00175D25 /* Debug */ = {
			isa = XCBuildConfiguration;
			baseConfigurationReference = 864E6F1A5E7788894570F119 /* Pods-TikTok.debug.xcconfig */;
			buildSettings = {
				ASSETCATALOG_COMPILER_APPICON_NAME = AppIcon;
				CODE_SIGN_STYLE = Automatic;
				DEVELOPMENT_TEAM = W4PUZ6QQ38;
				INFOPLIST_FILE = TikTok/Info.plist;
				LD_RUNPATH_SEARCH_PATHS = (
					"$(inherited)",
					"@executable_path/Frameworks",
				);
				PRODUCT_BUNDLE_IDENTIFIER = com.yang.TikTok;
				PRODUCT_NAME = "$(TARGET_NAME)";
				SWIFT_VERSION = 5.0;
				TARGETED_DEVICE_FAMILY = 1;
			};
			name = Debug;
		};
		887A48092494EC8F00175D25 /* Release */ = {
			isa = XCBuildConfiguration;
			baseConfigurationReference = C69B2B39F93150B6AE90B0C6 /* Pods-TikTok.release.xcconfig */;
			buildSettings = {
				ASSETCATALOG_COMPILER_APPICON_NAME = AppIcon;
				CODE_SIGN_STYLE = Automatic;
				DEVELOPMENT_TEAM = W4PUZ6QQ38;
				INFOPLIST_FILE = TikTok/Info.plist;
				LD_RUNPATH_SEARCH_PATHS = (
					"$(inherited)",
					"@executable_path/Frameworks",
				);
				PRODUCT_BUNDLE_IDENTIFIER = com.yang.TikTok;
				PRODUCT_NAME = "$(TARGET_NAME)";
				SWIFT_VERSION = 5.0;
				TARGETED_DEVICE_FAMILY = 1;
			};
			name = Release;
		};
/* End XCBuildConfiguration section */

/* Begin XCConfigurationList section */
		887A47EE2494EC8E00175D25 /* Build configuration list for PBXProject "TikTok" */ = {
			isa = XCConfigurationList;
			buildConfigurations = (
				887A48052494EC8F00175D25 /* Debug */,
				887A48062494EC8F00175D25 /* Release */,
			);
			defaultConfigurationIsVisible = 0;
			defaultConfigurationName = Release;
		};
		887A48072494EC8F00175D25 /* Build configuration list for PBXNativeTarget "TikTok" */ = {
			isa = XCConfigurationList;
			buildConfigurations = (
				887A48082494EC8F00175D25 /* Debug */,
				887A48092494EC8F00175D25 /* Release */,
			);
			defaultConfigurationIsVisible = 0;
			defaultConfigurationName = Release;
		};
/* End XCConfigurationList section */
	};
	rootObject = 887A47EB2494EC8E00175D25 /* Project object */;
}
